
Microsoft Visual Studio Solution File, Format Version 12.00
# Visual Studio Version 17
VisualStudioVersion = 17.0.31903.59
MinimumVisualStudioVersion = 10.0.40219.1
Project("{FAE04EC0-301F-11D3-BF4B-00C04F79EFBC}") = "IdeaSoftApiClient", "IdeaSoftApiClient\IdeaSoftApiClient.csproj", "{A3A11AE9-BC74-4A26-AEA1-82456E45C16A}"
EndProject
Project("{FAE04EC0-301F-11D3-BF4B-00C04F79EFBC}") = "IdeaSoftApiClient.Tests", "IdeaSoftApiClient.Tests\IdeaSoftApiClient.Tests.csproj", "{7EDD9F32-55E1-4C4B-9C35-8F17871DE8D9}"
EndProject
Project("{FAE04EC0-301F-11D3-BF4B-00C04F79EFBC}") = "IdeaSoftApi.Sample", "samples\IdeaSoftApi.Sample\IdeaSoftApi.Sample.csproj", "{3B5B52E5-667B-4CE0-B6D2-3C5161F0E44C}"
EndProject
Project("{FAE04EC0-301F-11D3-BF4B-00C04F79EFBC}") = "IdeaSoftApi.ConsoleTest", "samples\IdeaSoftApi.ConsoleTest\IdeaSoftApi.ConsoleTest.csproj", "{F4EEC874-9A58-4B0B-BA82-8CF9CA52E4F0}"
EndProject
Project("{FAE04EC0-301F-11D3-BF4B-00C04F79EFBC}") = "IdeaSoftStoreApi.ConsoleTest", "samples\IdeaSoftStoreApi.ConsoleTest\IdeaSoftStoreApi.ConsoleTest.csproj", "{C8C7F3B3-9C8D-4D3D-9F56-77A8E2C1A901}"
EndProject
Global
	GlobalSection(SolutionConfigurationPlatforms) = preSolution
		Debug|Any CPU = Debug|Any CPU
		Release|Any CPU = Release|Any CPU
	EndGlobalSection
	GlobalSection(ProjectConfigurationPlatforms) = postSolution
		{A3A11AE9-BC74-4A26-AEA1-82456E45C16A}.Debug|Any CPU.ActiveCfg = Debug|Any CPU
		{A3A11AE9-BC74-4A26-AEA1-82456E45C16A}.Debug|Any CPU.Build.0 = Debug|Any CPU
		{A3A11AE9-BC74-4A26-AEA1-82456E45C16A}.Release|Any CPU.ActiveCfg = Release|Any CPU
		{A3A11AE9-BC74-4A26-AEA1-82456E45C16A}.Release|Any CPU.Build.0 = Release|Any CPU
		{7EDD9F32-55E1-4C4B-9C35-8F17871DE8D9}.Debug|Any CPU.ActiveCfg = Debug|Any CPU
		{7EDD9F32-55E1-4C4B-9C35-8F17871DE8D9}.Debug|Any CPU.Build.0 = Debug|Any CPU
		{7EDD9F32-55E1-4C4B-9C35-8F17871DE8D9}.Release|Any CPU.ActiveCfg = Release|Any CPU
		{7EDD9F32-55E1-4C4B-9C35-8F17871DE8D9}.Release|Any CPU.Build.0 = Release|Any CPU
		{3B5B52E5-667B-4CE0-B6D2-3C5161F0E44C}.Debug|Any CPU.ActiveCfg = Debug|Any CPU
		{3B5B52E5-667B-4CE0-B6D2-3C5161F0E44C}.Debug|Any CPU.Build.0 = Debug|Any CPU
		{3B5B52E5-667B-4CE0-B6D2-3C5161F0E44C}.Release|Any CPU.ActiveCfg = Release|Any CPU
		{3B5B52E5-667B-4CE0-B6D2-3C5161F0E44C}.Release|Any CPU.Build.0 = Release|Any CPU
		{F4EEC874-9A58-4B0B-BA82-8CF9CA52E4F0}.Debug|Any CPU.ActiveCfg = Debug|Any CPU
		{F4EEC874-9A58-4B0B-BA82-8CF9CA52E4F0}.Debug|Any CPU.Build.0 = Debug|Any CPU
		{F4EEC874-9A58-4B0B-BA82-8CF9CA52E4F0}.Release|Any CPU.ActiveCfg = Release|Any CPU
		{F4EEC874-9A58-4B0B-BA82-8CF9CA52E4F0}.Release|Any CPU.Build.0 = Release|Any CPU
		{C8C7F3B3-9C8D-4D3D-9F56-77A8E2C1A901}.Debug|Any CPU.ActiveCfg = Debug|Any CPU
		{C8C7F3B3-9C8D-4D3D-9F56-77A8E2C1A901}.Debug|Any CPU.Build.0 = Debug|Any CPU
		{C8C7F3B3-9C8D-4D3D-9F56-77A8E2C1A901}.Release|Any CPU.ActiveCfg = Release|Any CPU
		{C8C7F3B3-9C8D-4D3D-9F56-77A8E2C1A901}.Release|Any CPU.Build.0 = Release|Any CPU
	EndGlobalSection
	GlobalSection(SolutionProperties) = preSolution
		HideSolutionNode = FALSE
	EndGlobalSection
EndGlobal
